<?xml version="1.0" encoding="utf-8"?>
<Project ToolsVersion="17.0" xmlns="http://schemas.microsoft.com/developer/msbuild/2003">
  <ItemGroup>
    <ClCompile Include="D:\gCode\github\EzUI2.0\EzUI2.0\demo\helloWorld\main.cpp">
      <Filter>Source Files</Filter>
    </ClCompile>
  </ItemGroup>
  <ItemGroup>
    <CustomBuild Include="D:\gCode\github\EzUI2.0\EzUI2.0\demo\CMakeLists.txt" />
  </ItemGroup>
  <ItemGroup>
    <Filter Include="Source Files">
      <UniqueIdentifier>{69CE61E2-3E53-3763-83E8-BB01D5D6F881}</UniqueIdentifier>
    </Filter>
  </ItemGroup>
</Project>
