
Microsoft Visual Studio Solution File, Format Version 12.00
# Visual Studio Version 17
Project("{2150E333-8FDC-42A3-9474-1A3956D46DE8}") = "CMakePredefinedTargets", "CMakePredefinedTargets", "{E9A0FCC8-4D10-333B-80A5-8C81A9C3EDDE}"
EndProject
Project("{2150E333-8FDC-42A3-9474-1A3956D46DE8}") = "demo", "demo", "{C7950F75-9D04-39E1-9DEE-27DA0123EB59}"
EndProject
Project("{8BC9CEB8-8B4A-11D0-8D11-00A0C91BC942}") = "ALL_BUILD", "ALL_BUILD.vcxproj", "{511A7E85-9AE7-3F82-8EF8-D0CE513E74F0}"
	ProjectSection(ProjectDependencies) = postProject
		{B80F25E2-5618-3B06-B1D9-53C8264F24D5} = {B80F25E2-5618-3B06-B1D9-53C8264F24D5}
		{EF85C283-DDB4-3EB1-B0E5-14C93E8FD413} = {EF85C283-DDB4-3EB1-B0E5-14C93E8FD413}
		{B587D888-E14F-350A-9F7F-8C8149CF6FA9} = {B587D888-E14F-350A-9F7F-8C8149CF6FA9}
		{ECEBC666-8FE7-3D65-917B-52E76BAF941F} = {ECEBC666-8FE7-3D65-917B-52E76BAF941F}
		{1D942F07-EB8E-3AC0-9281-7913378C0C1C} = {1D942F07-EB8E-3AC0-9281-7913378C0C1C}
		{758B951B-8EB5-3349-BDA7-FC8131F3F3D5} = {758B951B-8EB5-3349-BDA7-FC8131F3F3D5}
	EndProjectSection
EndProject
Project("{8BC9CEB8-8B4A-11D0-8D11-00A0C91BC942}") = "QQ", "demo\QQ.vcxproj", "{B80F25E2-5618-3B06-B1D9-53C8264F24D5}"
	ProjectSection(ProjectDependencies) = postProject
		{641B7BB6-3861-38AE-AF02-1C2D5FD30E55} = {641B7BB6-3861-38AE-AF02-1C2D5FD30E55}
		{ECEBC666-8FE7-3D65-917B-52E76BAF941F} = {ECEBC666-8FE7-3D65-917B-52E76BAF941F}
	EndProjectSection
EndProject
Project("{8BC9CEB8-8B4A-11D0-8D11-00A0C91BC942}") = "QQ_EzUI_ResourcePackager", "demo\QQ_EzUI_ResourcePackager.vcxproj", "{641B7BB6-3861-38AE-AF02-1C2D5FD30E55}"
	ProjectSection(ProjectDependencies) = postProject
		{ECEBC666-8FE7-3D65-917B-52E76BAF941F} = {ECEBC666-8FE7-3D65-917B-52E76BAF941F}
	EndProjectSection
EndProject
Project("{8BC9CEB8-8B4A-11D0-8D11-00A0C91BC942}") = "ResPackage", "demo\ResPackage.vcxproj", "{EF85C283-DDB4-3EB1-B0E5-14C93E8FD413}"
	ProjectSection(ProjectDependencies) = postProject
		{ECEBC666-8FE7-3D65-917B-52E76BAF941F} = {ECEBC666-8FE7-3D65-917B-52E76BAF941F}
	EndProjectSection
EndProject
Project("{8BC9CEB8-8B4A-11D0-8D11-00A0C91BC942}") = "XMLPreview", "demo\XMLPreview.vcxproj", "{B587D888-E14F-350A-9F7F-8C8149CF6FA9}"
	ProjectSection(ProjectDependencies) = postProject
		{ECEBC666-8FE7-3D65-917B-52E76BAF941F} = {ECEBC666-8FE7-3D65-917B-52E76BAF941F}
	EndProjectSection
EndProject
Project("{8BC9CEB8-8B4A-11D0-8D11-00A0C91BC942}") = "ZERO_CHECK", "ZERO_CHECK.vcxproj", "{ECEBC666-8FE7-3D65-917B-52E76BAF941F}"
	ProjectSection(ProjectDependencies) = postProject
	EndProjectSection
EndProject
Project("{8BC9CEB8-8B4A-11D0-8D11-00A0C91BC942}") = "helloWorld", "demo\helloWorld.vcxproj", "{1D942F07-EB8E-3AC0-9281-7913378C0C1C}"
	ProjectSection(ProjectDependencies) = postProject
		{ECEBC666-8FE7-3D65-917B-52E76BAF941F} = {ECEBC666-8FE7-3D65-917B-52E76BAF941F}
	EndProjectSection
EndProject
Project("{8BC9CEB8-8B4A-11D0-8D11-00A0C91BC942}") = "kugou", "demo\kugou.vcxproj", "{758B951B-8EB5-3349-BDA7-FC8131F3F3D5}"
	ProjectSection(ProjectDependencies) = postProject
		{ECEBC666-8FE7-3D65-917B-52E76BAF941F} = {ECEBC666-8FE7-3D65-917B-52E76BAF941F}
		{318C2AFF-7917-3D01-906B-58D937AA2959} = {318C2AFF-7917-3D01-906B-58D937AA2959}
	EndProjectSection
EndProject
Project("{8BC9CEB8-8B4A-11D0-8D11-00A0C91BC942}") = "kugou_EzUI_ResourcePackager", "demo\kugou_EzUI_ResourcePackager.vcxproj", "{318C2AFF-7917-3D01-906B-58D937AA2959}"
	ProjectSection(ProjectDependencies) = postProject
		{ECEBC666-8FE7-3D65-917B-52E76BAF941F} = {ECEBC666-8FE7-3D65-917B-52E76BAF941F}
	EndProjectSection
EndProject
Global
	GlobalSection(SolutionConfigurationPlatforms) = preSolution
		Debug|x64 = Debug|x64
		Release|x64 = Release|x64
		MinSizeRel|x64 = MinSizeRel|x64
		RelWithDebInfo|x64 = RelWithDebInfo|x64
	EndGlobalSection
	GlobalSection(ProjectConfigurationPlatforms) = postSolution
		{511A7E85-9AE7-3F82-8EF8-D0CE513E74F0}.Debug|x64.ActiveCfg = Debug|x64
		{511A7E85-9AE7-3F82-8EF8-D0CE513E74F0}.Release|x64.ActiveCfg = Release|x64
		{511A7E85-9AE7-3F82-8EF8-D0CE513E74F0}.MinSizeRel|x64.ActiveCfg = MinSizeRel|x64
		{511A7E85-9AE7-3F82-8EF8-D0CE513E74F0}.RelWithDebInfo|x64.ActiveCfg = RelWithDebInfo|x64
		{B80F25E2-5618-3B06-B1D9-53C8264F24D5}.Debug|x64.ActiveCfg = Debug|x64
		{B80F25E2-5618-3B06-B1D9-53C8264F24D5}.Debug|x64.Build.0 = Debug|x64
		{B80F25E2-5618-3B06-B1D9-53C8264F24D5}.Release|x64.ActiveCfg = Release|x64
		{B80F25E2-5618-3B06-B1D9-53C8264F24D5}.Release|x64.Build.0 = Release|x64
		{B80F25E2-5618-3B06-B1D9-53C8264F24D5}.MinSizeRel|x64.ActiveCfg = MinSizeRel|x64
		{B80F25E2-5618-3B06-B1D9-53C8264F24D5}.MinSizeRel|x64.Build.0 = MinSizeRel|x64
		{B80F25E2-5618-3B06-B1D9-53C8264F24D5}.RelWithDebInfo|x64.ActiveCfg = RelWithDebInfo|x64
		{B80F25E2-5618-3B06-B1D9-53C8264F24D5}.RelWithDebInfo|x64.Build.0 = RelWithDebInfo|x64
		{641B7BB6-3861-38AE-AF02-1C2D5FD30E55}.Debug|x64.ActiveCfg = Debug|x64
		{641B7BB6-3861-38AE-AF02-1C2D5FD30E55}.Debug|x64.Build.0 = Debug|x64
		{641B7BB6-3861-38AE-AF02-1C2D5FD30E55}.Release|x64.ActiveCfg = Release|x64
		{641B7BB6-3861-38AE-AF02-1C2D5FD30E55}.Release|x64.Build.0 = Release|x64
		{641B7BB6-3861-38AE-AF02-1C2D5FD30E55}.MinSizeRel|x64.ActiveCfg = MinSizeRel|x64
		{641B7BB6-3861-38AE-AF02-1C2D5FD30E55}.MinSizeRel|x64.Build.0 = MinSizeRel|x64
		{641B7BB6-3861-38AE-AF02-1C2D5FD30E55}.RelWithDebInfo|x64.ActiveCfg = RelWithDebInfo|x64
		{641B7BB6-3861-38AE-AF02-1C2D5FD30E55}.RelWithDebInfo|x64.Build.0 = RelWithDebInfo|x64
		{EF85C283-DDB4-3EB1-B0E5-14C93E8FD413}.Debug|x64.ActiveCfg = Debug|x64
		{EF85C283-DDB4-3EB1-B0E5-14C93E8FD413}.Debug|x64.Build.0 = Debug|x64
		{EF85C283-DDB4-3EB1-B0E5-14C93E8FD413}.Release|x64.ActiveCfg = Release|x64
		{EF85C283-DDB4-3EB1-B0E5-14C93E8FD413}.Release|x64.Build.0 = Release|x64
		{EF85C283-DDB4-3EB1-B0E5-14C93E8FD413}.MinSizeRel|x64.ActiveCfg = MinSizeRel|x64
		{EF85C283-DDB4-3EB1-B0E5-14C93E8FD413}.MinSizeRel|x64.Build.0 = MinSizeRel|x64
		{EF85C283-DDB4-3EB1-B0E5-14C93E8FD413}.RelWithDebInfo|x64.ActiveCfg = RelWithDebInfo|x64
		{EF85C283-DDB4-3EB1-B0E5-14C93E8FD413}.RelWithDebInfo|x64.Build.0 = RelWithDebInfo|x64
		{B587D888-E14F-350A-9F7F-8C8149CF6FA9}.Debug|x64.ActiveCfg = Debug|x64
		{B587D888-E14F-350A-9F7F-8C8149CF6FA9}.Debug|x64.Build.0 = Debug|x64
		{B587D888-E14F-350A-9F7F-8C8149CF6FA9}.Release|x64.ActiveCfg = Release|x64
		{B587D888-E14F-350A-9F7F-8C8149CF6FA9}.Release|x64.Build.0 = Release|x64
		{B587D888-E14F-350A-9F7F-8C8149CF6FA9}.MinSizeRel|x64.ActiveCfg = MinSizeRel|x64
		{B587D888-E14F-350A-9F7F-8C8149CF6FA9}.MinSizeRel|x64.Build.0 = MinSizeRel|x64
		{B587D888-E14F-350A-9F7F-8C8149CF6FA9}.RelWithDebInfo|x64.ActiveCfg = RelWithDebInfo|x64
		{B587D888-E14F-350A-9F7F-8C8149CF6FA9}.RelWithDebInfo|x64.Build.0 = RelWithDebInfo|x64
		{ECEBC666-8FE7-3D65-917B-52E76BAF941F}.Debug|x64.ActiveCfg = Debug|x64
		{ECEBC666-8FE7-3D65-917B-52E76BAF941F}.Debug|x64.Build.0 = Debug|x64
		{ECEBC666-8FE7-3D65-917B-52E76BAF941F}.Release|x64.ActiveCfg = Release|x64
		{ECEBC666-8FE7-3D65-917B-52E76BAF941F}.Release|x64.Build.0 = Release|x64
		{ECEBC666-8FE7-3D65-917B-52E76BAF941F}.MinSizeRel|x64.ActiveCfg = MinSizeRel|x64
		{ECEBC666-8FE7-3D65-917B-52E76BAF941F}.MinSizeRel|x64.Build.0 = MinSizeRel|x64
		{ECEBC666-8FE7-3D65-917B-52E76BAF941F}.RelWithDebInfo|x64.ActiveCfg = RelWithDebInfo|x64
		{ECEBC666-8FE7-3D65-917B-52E76BAF941F}.RelWithDebInfo|x64.Build.0 = RelWithDebInfo|x64
		{1D942F07-EB8E-3AC0-9281-7913378C0C1C}.Debug|x64.ActiveCfg = Debug|x64
		{1D942F07-EB8E-3AC0-9281-7913378C0C1C}.Debug|x64.Build.0 = Debug|x64
		{1D942F07-EB8E-3AC0-9281-7913378C0C1C}.Release|x64.ActiveCfg = Release|x64
		{1D942F07-EB8E-3AC0-9281-7913378C0C1C}.Release|x64.Build.0 = Release|x64
		{1D942F07-EB8E-3AC0-9281-7913378C0C1C}.MinSizeRel|x64.ActiveCfg = MinSizeRel|x64
		{1D942F07-EB8E-3AC0-9281-7913378C0C1C}.MinSizeRel|x64.Build.0 = MinSizeRel|x64
		{1D942F07-EB8E-3AC0-9281-7913378C0C1C}.RelWithDebInfo|x64.ActiveCfg = RelWithDebInfo|x64
		{1D942F07-EB8E-3AC0-9281-7913378C0C1C}.RelWithDebInfo|x64.Build.0 = RelWithDebInfo|x64
		{758B951B-8EB5-3349-BDA7-FC8131F3F3D5}.Debug|x64.ActiveCfg = Debug|x64
		{758B951B-8EB5-3349-BDA7-FC8131F3F3D5}.Debug|x64.Build.0 = Debug|x64
		{758B951B-8EB5-3349-BDA7-FC8131F3F3D5}.Release|x64.ActiveCfg = Release|x64
		{758B951B-8EB5-3349-BDA7-FC8131F3F3D5}.Release|x64.Build.0 = Release|x64
		{758B951B-8EB5-3349-BDA7-FC8131F3F3D5}.MinSizeRel|x64.ActiveCfg = MinSizeRel|x64
		{758B951B-8EB5-3349-BDA7-FC8131F3F3D5}.MinSizeRel|x64.Build.0 = MinSizeRel|x64
		{758B951B-8EB5-3349-BDA7-FC8131F3F3D5}.RelWithDebInfo|x64.ActiveCfg = RelWithDebInfo|x64
		{758B951B-8EB5-3349-BDA7-FC8131F3F3D5}.RelWithDebInfo|x64.Build.0 = RelWithDebInfo|x64
		{318C2AFF-7917-3D01-906B-58D937AA2959}.Debug|x64.ActiveCfg = Debug|x64
		{318C2AFF-7917-3D01-906B-58D937AA2959}.Debug|x64.Build.0 = Debug|x64
		{318C2AFF-7917-3D01-906B-58D937AA2959}.Release|x64.ActiveCfg = Release|x64
		{318C2AFF-7917-3D01-906B-58D937AA2959}.Release|x64.Build.0 = Release|x64
		{318C2AFF-7917-3D01-906B-58D937AA2959}.MinSizeRel|x64.ActiveCfg = MinSizeRel|x64
		{318C2AFF-7917-3D01-906B-58D937AA2959}.MinSizeRel|x64.Build.0 = MinSizeRel|x64
		{318C2AFF-7917-3D01-906B-58D937AA2959}.RelWithDebInfo|x64.ActiveCfg = RelWithDebInfo|x64
		{318C2AFF-7917-3D01-906B-58D937AA2959}.RelWithDebInfo|x64.Build.0 = RelWithDebInfo|x64
	EndGlobalSection
	GlobalSection(NestedProjects) = preSolution
		{511A7E85-9AE7-3F82-8EF8-D0CE513E74F0} = {E9A0FCC8-4D10-333B-80A5-8C81A9C3EDDE}
		{641B7BB6-3861-38AE-AF02-1C2D5FD30E55} = {E9A0FCC8-4D10-333B-80A5-8C81A9C3EDDE}
		{ECEBC666-8FE7-3D65-917B-52E76BAF941F} = {E9A0FCC8-4D10-333B-80A5-8C81A9C3EDDE}
		{318C2AFF-7917-3D01-906B-58D937AA2959} = {E9A0FCC8-4D10-333B-80A5-8C81A9C3EDDE}
		{B80F25E2-5618-3B06-B1D9-53C8264F24D5} = {C7950F75-9D04-39E1-9DEE-27DA0123EB59}
		{1D942F07-EB8E-3AC0-9281-7913378C0C1C} = {C7950F75-9D04-39E1-9DEE-27DA0123EB59}
		{758B951B-8EB5-3349-BDA7-FC8131F3F3D5} = {C7950F75-9D04-39E1-9DEE-27DA0123EB59}
	EndGlobalSection
	GlobalSection(ExtensibilityGlobals) = postSolution
		SolutionGuid = {A60ED194-FEFD-3EA7-8AA3-03D9F8F67CA5}
	EndGlobalSection
	GlobalSection(ExtensibilityAddIns) = postSolution
	EndGlobalSection
EndGlobal
